// !$*UTF8*$!
{
	archiveVersion = 1;
	classes = {
	};
	objectVersion = 50;
	objects = {

/* Begin PBXBuildFile section */
		103B35B123140C3C001F0DC5 /* CardButtonView.swift in Sources */ = {isa = PBXBuildFile; fileRef = 103B35B023140C3C001F0DC5 /* CardButtonView.swift */; };
		103B35B3231663B1001F0DC5 /* Grid.swift in Sources */ = {isa = PBXBuildFile; fileRef = 103B35B2231663B1001F0DC5 /* Grid.swift */; };
		10540CDF230EE2E100CDB0AF /* SetGame.swift in Sources */ = {isa = PBXBuildFile; fileRef = 10540CDE230EE2E100CDB0AF /* SetGame.swift */; };
		10540CE323113CD900CDB0AF /* Default-568h@2x.png in Resources */ = {isa = PBXBuildFile; fileRef = 10540CE223113CD900CDB0AF /* Default-568h@2x.png */; };
		10540CE5231140EA00CDB0AF /* PlayingCardContainerView.swift in Sources */ = {isa = PBXBuildFile; fileRef = 10540CE4231140EA00CDB0AF /* PlayingCardContainerView.swift */; };
		1083418E230D1E05003A8F1C /* AppDelegate.swift in Sources */ = {isa = PBXBuildFile; fileRef = 1083418D230D1E05003A8F1C /* AppDelegate.swift */; };
		10834190230D1E05003A8F1C /* SetViewController.swift in Sources */ = {isa = PBXBuildFile; fileRef = 1083418F230D1E05003A8F1C /* SetViewController.swift */; };
		10834193230D1E05003A8F1C /* Main.storyboard in Resources */ = {isa = PBXBuildFile; fileRef = 10834191230D1E05003A8F1C /* Main.storyboard */; };
		10834195230D1E07003A8F1C /* Assets.xcassets in Resources */ = {isa = PBXBuildFile; fileRef = 10834194230D1E07003A8F1C /* Assets.xcassets */; };
		10834198230D1E07003A8F1C /* LaunchScreen.storyboard in Resources */ = {isa = PBXBuildFile; fileRef = 10834196230D1E07003A8F1C /* LaunchScreen.storyboard */; };
		108341A1230D2A62003A8F1C /* SetCard.swift in Sources */ = {isa = PBXBuildFile; fileRef = 108341A0230D2A62003A8F1C /* SetCard.swift */; };
		10CE3C912321178C006E5220 /* ThemeChooserViewController.swift in Sources */ = {isa = PBXBuildFile; fileRef = 10CE3C902321178C006E5220 /* ThemeChooserViewController.swift */; };
		10CE3C93232117C0006E5220 /* Concentration.swift in Sources */ = {isa = PBXBuildFile; fileRef = 10CE3C92232117C0006E5220 /* Concentration.swift */; };
		10CE3C9523211812006E5220 /* Card.swift in Sources */ = {isa = PBXBuildFile; fileRef = 10CE3C9423211812006E5220 /* Card.swift */; };
		10CE3C9723211835006E5220 /* ConcentrationViewController.swift in Sources */ = {isa = PBXBuildFile; fileRef = 10CE3C9623211835006E5220 /* ConcentrationViewController.swift */; };
/* End PBXBuildFile section */

/* Begin PBXFileReference section */
		103B35B023140C3C001F0DC5 /* CardButtonView.swift */ = {isa = PBXFileReference; lastKnownFileType = sourcecode.swift; path = CardButtonView.swift; sourceTree = "<group>"; };
		103B35B2231663B1001F0DC5 /* Grid.swift */ = {isa = PBXFileReference; fileEncoding = 4; lastKnownFileType = sourcecode.swift; path = Grid.swift; sourceTree = "<group>"; };
		10540CDE230EE2E100CDB0AF /* SetGame.swift */ = {isa = PBXFileReference; fileEncoding = 4; lastKnownFileType = sourcecode.swift; path = SetGame.swift; sourceTree = "<group>"; };
		10540CE223113CD900CDB0AF /* Default-568h@2x.png */ = {isa = PBXFileReference; lastKnownFileType = image.png; path = "Default-568h@2x.png"; sourceTree = "<group>"; };
		10540CE4231140EA00CDB0AF /* PlayingCardContainerView.swift */ = {isa = PBXFileReference; lastKnownFileType = sourcecode.swift; path = PlayingCardContainerView.swift; sourceTree = "<group>"; };
		1083418A230D1E05003A8F1C /* GraphicalSet-Assignment3.app */ = {isa = PBXFileReference; explicitFileType = wrapper.application; includeInIndex = 0; path = "GraphicalSet-Assignment3.app"; sourceTree = BUILT_PRODUCTS_DIR; };
		1083418D230D1E05003A8F1C /* AppDelegate.swift */ = {isa = PBXFileReference; lastKnownFileType = sourcecode.swift; path = AppDelegate.swift; sourceTree = "<group>"; };
		1083418F230D1E05003A8F1C /* SetViewController.swift */ = {isa = PBXFileReference; lastKnownFileType = sourcecode.swift; path = SetViewController.swift; sourceTree = "<group>"; };
		10834192230D1E05003A8F1C /* Base */ = {isa = PBXFileReference; lastKnownFileType = file.storyboard; name = Base; path = Base.lproj/Main.storyboard; sourceTree = "<group>"; };
		10834194230D1E07003A8F1C /* Assets.xcassets */ = {isa = PBXFileReference; lastKnownFileType = folder.assetcatalog; path = Assets.xcassets; sourceTree = "<group>"; };
		10834197230D1E07003A8F1C /* Base */ = {isa = PBXFileReference; lastKnownFileType = file.storyboard; name = Base; path = Base.lproj/LaunchScreen.storyboard; sourceTree = "<group>"; };
		10834199230D1E07003A8F1C /* Info.plist */ = {isa = PBXFileReference; lastKnownFileType = text.plist.xml; path = Info.plist; sourceTree = "<group>"; };
		108341A0230D2A62003A8F1C /* SetCard.swift */ = {isa = PBXFileReference; lastKnownFileType = sourcecode.swift; path = SetCard.swift; sourceTree = "<group>"; };
		10CE3C902321178C006E5220 /* ThemeChooserViewController.swift */ = {isa = PBXFileReference; lastKnownFileType = sourcecode.swift; path = ThemeChooserViewController.swift; sourceTree = "<group>"; };
		10CE3C92232117C0006E5220 /* Concentration.swift */ = {isa = PBXFileReference; lastKnownFileType = sourcecode.swift; path = Concentration.swift; sourceTree = "<group>"; };
		10CE3C9423211812006E5220 /* Card.swift */ = {isa = PBXFileReference; lastKnownFileType = sourcecode.swift; path = Card.swift; sourceTree = "<group>"; };
		10CE3C9623211835006E5220 /* ConcentrationViewController.swift */ = {isa = PBXFileReference; lastKnownFileType = sourcecode.swift; path = ConcentrationViewController.swift; sourceTree = "<group>"; };
/* End PBXFileReference section */

/* Begin PBXFrameworksBuildPhase section */
		10834187230D1E05003A8F1C /* Frameworks */ = {
			isa = PBXFrameworksBuildPhase;
			buildActionMask = 2147483647;
			files = (
			);
			runOnlyForDeploymentPostprocessing = 0;
		};
/* End PBXFrameworksBuildPhase section */

/* Begin PBXGroup section */
		10834181230D1E05003A8F1C = {
			isa = PBXGroup;
			children = (
				1083418C230D1E05003A8F1C /* GraphicalSet-Assignment3 */,
				1083418B230D1E05003A8F1C /* Products */,
			);
			sourceTree = "<group>";
		};
		1083418B230D1E05003A8F1C /* Products */ = {
			isa = PBXGroup;
			children = (
				1083418A230D1E05003A8F1C /* GraphicalSet-Assignment3.app */,
			);
			name = Products;
			sourceTree = "<group>";
		};
		1083418C230D1E05003A8F1C /* GraphicalSet-Assignment3 */ = {
			isa = PBXGroup;
			children = (
				108341A0230D2A62003A8F1C /* SetCard.swift */,
				10540CDE230EE2E100CDB0AF /* SetGame.swift */,
				10540CE4231140EA00CDB0AF /* PlayingCardContainerView.swift */,
				1083418F230D1E05003A8F1C /* SetViewController.swift */,
				103B35B023140C3C001F0DC5 /* CardButtonView.swift */,
				10834191230D1E05003A8F1C /* Main.storyboard */,
				103B35B2231663B1001F0DC5 /* Grid.swift */,
				1083419F230D1E2C003A8F1C /* Supporting FIles */,
				10834199230D1E07003A8F1C /* Info.plist */,
				10CE3C902321178C006E5220 /* ThemeChooserViewController.swift */,
				10CE3C92232117C0006E5220 /* Concentration.swift */,
				10CE3C9423211812006E5220 /* Card.swift */,
				10CE3C9623211835006E5220 /* ConcentrationViewController.swift */,
			);
			path = "GraphicalSet-Assignment3";
			sourceTree = "<group>";
		};
		1083419F230D1E2C003A8F1C /* Supporting FIles */ = {
			isa = PBXGroup;
			children = (
				10540CE223113CD900CDB0AF /* Default-568h@2x.png */,
				1083418D230D1E05003A8F1C /* AppDelegate.swift */,
				10834194230D1E07003A8F1C /* Assets.xcassets */,
				10834196230D1E07003A8F1C /* LaunchScreen.storyboard */,
			);
			path = "Supporting FIles";
			sourceTree = "<group>";
		};
/* End PBXGroup section */

/* Begin PBXNativeTarget section */
		10834189230D1E05003A8F1C /* GraphicalSet-Assignment3 */ = {
			isa = PBXNativeTarget;
			buildConfigurationList = 1083419C230D1E07003A8F1C /* Build configuration list for PBXNativeTarget "GraphicalSet-Assignment3" */;
			buildPhases = (
				10834186230D1E05003A8F1C /* Sources */,
				10834187230D1E05003A8F1C /* Frameworks */,
				10834188230D1E05003A8F1C /* Resources */,
			);
			buildRules = (
			);
			dependencies = (
			);
			name = "GraphicalSet-Assignment3";
			productName = "Set-Assignment2";
			productReference = 1083418A230D1E05003A8F1C /* GraphicalSet-Assignment3.app */;
			productType = "com.apple.product-type.application";
		};
/* End PBXNativeTarget section */

/* Begin PBXProject section */
		10834182230D1E05003A8F1C /* Project object */ = {
			isa = PBXProject;
			attributes = {
				LastSwiftUpdateCheck = 0940;
				LastUpgradeCheck = 0940;
				ORGANIZATIONNAME = iParagons;
				TargetAttributes = {
					10834189230D1E05003A8F1C = {
						CreatedOnToolsVersion = 9.4.1;
					};
				};
			};
			buildConfigurationList = 10834185230D1E05003A8F1C /* Build configuration list for PBXProject "GraphicalSet-Assignment3" */;
			compatibilityVersion = "Xcode 9.3";
			developmentRegion = en;
			hasScannedForEncodings = 0;
			knownRegions = (
				en,
				Base,
			);
			mainGroup = 10834181230D1E05003A8F1C;
			productRefGroup = 1083418B230D1E05003A8F1C /* Products */;
			projectDirPath = "";
			projectRoot = "";
			targets = (
				10834189230D1E05003A8F1C /* GraphicalSet-Assignment3 */,
			);
		};
/* End PBXProject section */

/* Begin PBXResourcesBuildPhase section */
		10834188230D1E05003A8F1C /* Resources */ = {
			isa = PBXResourcesBuildPhase;
			buildActionMask = 2147483647;
			files = (
				10834198230D1E07003A8F1C /* LaunchScreen.storyboard in Resources */,
				10540CE323113CD900CDB0AF /* Default-568h@2x.png in Resources */,
				10834195230D1E07003A8F1C /* Assets.xcassets in Resources */,
				10834193230D1E05003A8F1C /* Main.storyboard in Resources */,
			);
			runOnlyForDeploymentPostprocessing = 0;
		};
/* End PBXResourcesBuildPhase section */

/* Begin PBXSourcesBuildPhase section */
		10834186230D1E05003A8F1C /* Sources */ = {
			isa = PBXSourcesBuildPhase;
			buildActionMask = 2147483647;
			files = (
				10CE3C912321178C006E5220 /* ThemeChooserViewController.swift in Sources */,
				10540CE5231140EA00CDB0AF /* PlayingCardContainerView.swift in Sources */,
				10540CDF230EE2E100CDB0AF /* SetGame.swift in Sources */,
				10834190230D1E05003A8F1C /* SetViewController.swift in Sources */,
				108341A1230D2A62003A8F1C /* SetCard.swift in Sources */,
				103B35B123140C3C001F0DC5 /* CardButtonView.swift in Sources */,
				103B35B3231663B1001F0DC5 /* Grid.swift in Sources */,
				10CE3C9723211835006E5220 /* ConcentrationViewController.swift in Sources */,
				10CE3C9523211812006E5220 /* Card.swift in Sources */,
				1083418E230D1E05003A8F1C /* AppDelegate.swift in Sources */,
				10CE3C93232117C0006E5220 /* Concentration.swift in Sources */,
			);
			runOnlyForDeploymentPostprocessing = 0;
		};
/* End PBXSourcesBuildPhase section */

/* Begin PBXVariantGroup section */
		10834191230D1E05003A8F1C /* Main.storyboard */ = {
			isa = PBXVariantGroup;
			children = (
				10834192230D1E05003A8F1C /* Base */,
			);
			name = Main.storyboard;
			sourceTree = "<group>";
		};
		10834196230D1E07003A8F1C /* LaunchScreen.storyboard */ = {
			isa = PBXVariantGroup;
			children = (
				10834197230D1E07003A8F1C /* Base */,
			);
			name = LaunchScreen.storyboard;
			sourceTree = "<group>";
		};
/* End PBXVariantGroup section */

/* Begin XCBuildConfiguration section */
		1083419A230D1E07003A8F1C /* Debug */ = {
			isa = XCBuildConfiguration;
			buildSettings = {
				ALWAYS_SEARCH_USER_PATHS = NO;
				CLANG_ANALYZER_NONNULL = YES;
				CLANG_ANALYZER_NUMBER_OBJECT_CONVERSION = YES_AGGRESSIVE;
				CLANG_CXX_LANGUAGE_STANDARD = "gnu++14";
				CLANG_CXX_LIBRARY = "libc++";
				CLANG_ENABLE_MODULES = YES;
				CLANG_ENABLE_OBJC_ARC = YES;
				CLANG_ENABLE_OBJC_WEAK = YES;
				CLANG_WARN_BLOCK_CAPTURE_AUTORELEASING = YES;
				CLANG_WARN_BOOL_CONVERSION = YES;
				CLANG_WARN_COMMA = YES;
				CLANG_WARN_CONSTANT_CONVERSION = YES;
				CLANG_WARN_DEPRECATED_OBJC_IMPLEMENTATIONS = YES;
				CLANG_WARN_DIRECT_OBJC_ISA_USAGE = YES_ERROR;
				CLANG_WARN_DOCUMENTATION_COMMENTS = YES;
				CLANG_WARN_EMPTY_BODY = YES;
				CLANG_WARN_ENUM_CONVERSION = YES;
				CLANG_WARN_INFINITE_RECURSION = YES;
				CLANG_WARN_INT_CONVERSION = YES;
				CLANG_WARN_NON_LITERAL_NULL_CONVERSION = YES;
				CLANG_WARN_OBJC_IMPLICIT_RETAIN_SELF = YES;
				CLANG_WARN_OBJC_LITERAL_CONVERSION = YES;
				CLANG_WARN_OBJC_ROOT_CLASS = YES_ERROR;
				CLANG_WARN_RANGE_LOOP_ANALYSIS = YES;
				CLANG_WARN_STRICT_PROTOTYPES = YES;
				CLANG_WARN_SUSPICIOUS_MOVE = YES;
				CLANG_WARN_UNGUARDED_AVAILABILITY = YES_AGGRESSIVE;
				CLANG_WARN_UNREACHABLE_CODE = YES;
				CLANG_WARN__DUPLICATE_METHOD_MATCH = YES;
				CODE_SIGN_IDENTITY = "iPhone Developer";
				COPY_PHASE_STRIP = NO;
				DEBUG_INFORMATION_FORMAT = dwarf;
				ENABLE_STRICT_OBJC_MSGSEND = YES;
				ENABLE_TESTABILITY = YES;
				GCC_C_LANGUAGE_STANDARD = gnu11;
				GCC_DYNAMIC_NO_PIC = NO;
				GCC_NO_COMMON_BLOCKS = YES;
				GCC_OPTIMIZATION_LEVEL = 0;
				GCC_PREPROCESSOR_DEFINITIONS = (
					"DEBUG=1",
					"$(inherited)",
				);
				GCC_WARN_64_TO_32_BIT_CONVERSION = YES;
				GCC_WARN_ABOUT_RETURN_TYPE = YES_ERROR;
				GCC_WARN_UNDECLARED_SELECTOR = YES;
				GCC_WARN_UNINITIALIZED_AUTOS = YES_AGGRESSIVE;
				GCC_WARN_UNUSED_FUNCTION = YES;
				GCC_WARN_UNUSED_VARIABLE = YES;
				IPHONEOS_DEPLOYMENT_TARGET = 11.4;
				MTL_ENABLE_DEBUG_INFO = YES;
				ONLY_ACTIVE_ARCH = YES;
				SDKROOT = iphoneos;
				SWIFT_ACTIVE_COMPILATION_CONDITIONS = DEBUG;
				SWIFT_OPTIMIZATION_LEVEL = "-Onone";
			};
			name = Debug;
		};
		1083419B230D1E07003A8F1C /* Release */ = {
			isa = XCBuildConfiguration;
			buildSettings = {
				ALWAYS_SEARCH_USER_PATHS = NO;
				CLANG_ANALYZER_NONNULL = YES;
				CLANG_ANALYZER_NUMBER_OBJECT_CONVERSION = YES_AGGRESSIVE;
				CLANG_CXX_LANGUAGE_STANDARD = "gnu++14";
				CLANG_CXX_LIBRARY = "libc++";
				CLANG_ENABLE_MODULES = YES;
				CLANG_ENABLE_OBJC_ARC = YES;
				CLANG_ENABLE_OBJC_WEAK = YES;
				CLANG_WARN_BLOCK_CAPTURE_AUTORELEASING = YES;
				CLANG_WARN_BOOL_CONVERSION = YES;
				CLANG_WARN_COMMA = YES;
				CLANG_WARN_CONSTANT_CONVERSION = YES;
				CLANG_WARN_DEPRECATED_OBJC_IMPLEMENTATIONS = YES;
				CLANG_WARN_DIRECT_OBJC_ISA_USAGE = YES_ERROR;
				CLANG_WARN_DOCUMENTATION_COMMENTS = YES;
				CLANG_WARN_EMPTY_BODY = YES;
				CLANG_WARN_ENUM_CONVERSION = YES;
				CLANG_WARN_INFINITE_RECURSION = YES;
				CLANG_WARN_INT_CONVERSION = YES;
				CLANG_WARN_NON_LITERAL_NULL_CONVERSION = YES;
				CLANG_WARN_OBJC_IMPLICIT_RETAIN_SELF = YES;
				CLANG_WARN_OBJC_LITERAL_CONVERSION = YES;
				CLANG_WARN_OBJC_ROOT_CLASS = YES_ERROR;
				CLANG_WARN_RANGE_LOOP_ANALYSIS = YES;
				CLANG_WARN_STRICT_PROTOTYPES = YES;
				CLANG_WARN_SUSPICIOUS_MOVE = YES;
				CLANG_WARN_UNGUARDED_AVAILABILITY = YES_AGGRESSIVE;
				CLANG_WARN_UNREACHABLE_CODE = YES;
				CLANG_WARN__DUPLICATE_METHOD_MATCH = YES;
				CODE_SIGN_IDENTITY = "iPhone Developer";
				COPY_PHASE_STRIP = NO;
				DEBUG_INFORMATION_FORMAT = "dwarf-with-dsym";
				ENABLE_NS_ASSERTIONS = NO;
				ENABLE_STRICT_OBJC_MSGSEND = YES;
				GCC_C_LANGUAGE_STANDARD = gnu11;
				GCC_NO_COMMON_BLOCKS = YES;
				GCC_WARN_64_TO_32_BIT_CONVERSION = YES;
				GCC_WARN_ABOUT_RETURN_TYPE = YES_ERROR;
				GCC_WARN_UNDECLARED_SELECTOR = YES;
				GCC_WARN_UNINITIALIZED_AUTOS = YES_AGGRESSIVE;
				GCC_WARN_UNUSED_FUNCTION = YES;
				GCC_WARN_UNUSED_VARIABLE = YES;
				IPHONEOS_DEPLOYMENT_TARGET = 11.4;
				MTL_ENABLE_DEBUG_INFO = NO;
				SDKROOT = iphoneos;
				SWIFT_COMPILATION_MODE = wholemodule;
				SWIFT_OPTIMIZATION_LEVEL = "-O";
				VALIDATE_PRODUCT = YES;
			};
			name = Release;
		};
		1083419D230D1E07003A8F1C /* Debug */ = {
			isa = XCBuildConfiguration;
			buildSettings = {
				ASSETCATALOG_COMPILER_APPICON_NAME = AppIcon;
				CODE_SIGN_STYLE = Automatic;
				DEVELOPMENT_TEAM = BQMM977KB8;
				INFOPLIST_FILE = "GraphicalSet-Assignment3/Info.plist";
				LD_RUNPATH_SEARCH_PATHS = (
					"$(inherited)",
					"@executable_path/Frameworks",
				);
				PRODUCT_BUNDLE_IDENTIFIER = "com.iparagons.Set-Assignment2";
				PRODUCT_NAME = "$(TARGET_NAME)";
				SWIFT_VERSION = 4.0;
				TARGETED_DEVICE_FAMILY = "1,2";
			};
			name = Debug;
		};
		1083419E230D1E07003A8F1C /* Release */ = {
			isa = XCBuildConfiguration;
			buildSettings = {
				ASSETCATALOG_COMPILER_APPICON_NAME = AppIcon;
				CODE_SIGN_STYLE = Automatic;
				DEVELOPMENT_TEAM = BQMM977KB8;
				INFOPLIST_FILE = "GraphicalSet-Assignment3/Info.plist";
				LD_RUNPATH_SEARCH_PATHS = (
					"$(inherited)",
					"@executable_path/Frameworks",
				);
				PRODUCT_BUNDLE_IDENTIFIER = "com.iparagons.Set-Assignment2";
				PRODUCT_NAME = "$(TARGET_NAME)";
				SWIFT_VERSION = 4.0;
				TARGETED_DEVICE_FAMILY = "1,2";
			};
			name = Release;
		};
/* End XCBuildConfiguration section */

/* Begin XCConfigurationList section */
		10834185230D1E05003A8F1C /* Build configuration list for PBXProject "GraphicalSet-Assignment3" */ = {
			isa = XCConfigurationList;
			buildConfigurations = (
				1083419A230D1E07003A8F1C /* Debug */,
				1083419B230D1E07003A8F1C /* Release */,
			);
			defaultConfigurationIsVisible = 0;
			defaultConfigurationName = Release;
		};
		1083419C230D1E07003A8F1C /* Build configuration list for PBXNativeTarget "GraphicalSet-Assignment3" */ = {
			isa = XCConfigurationList;
			buildConfigurations = (
				1083419D230D1E07003A8F1C /* Debug */,
				1083419E230D1E07003A8F1C /* Release */,
			);
			defaultConfigurationIsVisible = 0;
			defaultConfigurationName = Release;
		};
/* End XCConfigurationList section */
	};
	rootObject = 10834182230D1E05003A8F1C /* Project object */;
}
